
Microsoft Visual Studio Solution File, Format Version 12.00
# Visual Studio Version 17
VisualStudioVersion = 17.0.31912.275
MinimumVisualStudioVersion = 10.0.40219.1
Project("{8BC9CEB8-8B4A-11D0-8D11-00A0C91BC942}") = "retrycopy", "retrycopy\retrycopy.vcxproj", "{70B1CEA5-BE3E-48B9-9B4C-D44E535DACBE}"
	ProjectSection(ProjectDependencies) = postProject
		{ED58A2C3-C82B-4466-A7F6-73EF7E449FE2} = {ED58A2C3-C82B-4466-A7F6-73EF7E449FE2}
	EndProjectSection
EndProject
Project("{FAE04EC0-301F-11D3-BF4B-00C04F79EFBC}") = "retrycopymisc", "retrycopymisc\retrycopymisc.csproj", "{4353CAE4-37B7-4E9C-BC20-49B87C0DB772}"
EndProject
Project("{8BC9CEB8-8B4A-11D0-8D11-00A0C91BC942}") = "zzzDist", "zzzDist\zzzDist.vcxproj", "{972A2872-7163-4F50-8E62-F47F55F60384}"
	ProjectSection(ProjectDependencies) = postProject
		{70B1CEA5-BE3E-48B9-9B4C-D44E535DACBE} = {70B1CEA5-BE3E-48B9-9B4C-D44E535DACBE}
		{ED58A2C3-C82B-4466-A7F6-73EF7E449FE2} = {ED58A2C3-C82B-4466-A7F6-73EF7E449FE2}
	EndProjectSection
EndProject
Project("{9A19103F-16F7-4668-BE54-9A1E7A4F7556}") = "testretrycopy", "testretrycopy\testretrycopy.csproj", "{EE228127-BBDA-41D6-96F3-65508DE4A7C3}"
	ProjectSection(ProjectDependencies) = postProject
		{70B1CEA5-BE3E-48B9-9B4C-D44E535DACBE} = {70B1CEA5-BE3E-48B9-9B4C-D44E535DACBE}
	EndProjectSection
EndProject
Project("{FAE04EC0-301F-11D3-BF4B-00C04F79EFBC}") = "GetDriveInfo", "GetDriveInfo\GetDriveInfo.csproj", "{ED58A2C3-C82B-4466-A7F6-73EF7E449FE2}"
EndProject
Global
	GlobalSection(SolutionConfigurationPlatforms) = preSolution
		Debug|x64 = Debug|x64
		Debug|x86 = Debug|x86
		Release|x64 = Release|x64
		Release|x86 = Release|x86
	EndGlobalSection
	GlobalSection(ProjectConfigurationPlatforms) = postSolution
		{70B1CEA5-BE3E-48B9-9B4C-D44E535DACBE}.Debug|x64.ActiveCfg = Debug|x64
		{70B1CEA5-BE3E-48B9-9B4C-D44E535DACBE}.Debug|x64.Build.0 = Debug|x64
		{70B1CEA5-BE3E-48B9-9B4C-D44E535DACBE}.Debug|x86.ActiveCfg = Debug|Win32
		{70B1CEA5-BE3E-48B9-9B4C-D44E535DACBE}.Debug|x86.Build.0 = Debug|Win32
		{70B1CEA5-BE3E-48B9-9B4C-D44E535DACBE}.Release|x64.ActiveCfg = Release|x64
		{70B1CEA5-BE3E-48B9-9B4C-D44E535DACBE}.Release|x64.Build.0 = Release|x64
		{70B1CEA5-BE3E-48B9-9B4C-D44E535DACBE}.Release|x86.ActiveCfg = Release|Win32
		{70B1CEA5-BE3E-48B9-9B4C-D44E535DACBE}.Release|x86.Build.0 = Release|Win32
		{4353CAE4-37B7-4E9C-BC20-49B87C0DB772}.Debug|x64.ActiveCfg = Debug|Any CPU
		{4353CAE4-37B7-4E9C-BC20-49B87C0DB772}.Debug|x64.Build.0 = Debug|Any CPU
		{4353CAE4-37B7-4E9C-BC20-49B87C0DB772}.Debug|x86.ActiveCfg = Debug|Any CPU
		{4353CAE4-37B7-4E9C-BC20-49B87C0DB772}.Debug|x86.Build.0 = Debug|Any CPU
		{4353CAE4-37B7-4E9C-BC20-49B87C0DB772}.Release|x64.ActiveCfg = Release|Any CPU
		{4353CAE4-37B7-4E9C-BC20-49B87C0DB772}.Release|x64.Build.0 = Release|Any CPU
		{4353CAE4-37B7-4E9C-BC20-49B87C0DB772}.Release|x86.ActiveCfg = Release|Any CPU
		{4353CAE4-37B7-4E9C-BC20-49B87C0DB772}.Release|x86.Build.0 = Release|Any CPU
		{972A2872-7163-4F50-8E62-F47F55F60384}.Debug|x64.ActiveCfg = Debug|x64
		{972A2872-7163-4F50-8E62-F47F55F60384}.Debug|x64.Build.0 = Debug|x64
		{972A2872-7163-4F50-8E62-F47F55F60384}.Debug|x86.ActiveCfg = Debug|Win32
		{972A2872-7163-4F50-8E62-F47F55F60384}.Debug|x86.Build.0 = Debug|Win32
		{972A2872-7163-4F50-8E62-F47F55F60384}.Release|x64.ActiveCfg = Release|x64
		{972A2872-7163-4F50-8E62-F47F55F60384}.Release|x64.Build.0 = Release|x64
		{972A2872-7163-4F50-8E62-F47F55F60384}.Release|x86.ActiveCfg = Release|Win32
		{972A2872-7163-4F50-8E62-F47F55F60384}.Release|x86.Build.0 = Release|Win32
		{EE228127-BBDA-41D6-96F3-65508DE4A7C3}.Debug|x64.ActiveCfg = Debug|Any CPU
		{EE228127-BBDA-41D6-96F3-65508DE4A7C3}.Debug|x64.Build.0 = Debug|Any CPU
		{EE228127-BBDA-41D6-96F3-65508DE4A7C3}.Debug|x86.ActiveCfg = Debug|Any CPU
		{EE228127-BBDA-41D6-96F3-65508DE4A7C3}.Debug|x86.Build.0 = Debug|Any CPU
		{EE228127-BBDA-41D6-96F3-65508DE4A7C3}.Release|x64.ActiveCfg = Release|Any CPU
		{EE228127-BBDA-41D6-96F3-65508DE4A7C3}.Release|x64.Build.0 = Release|Any CPU
		{EE228127-BBDA-41D6-96F3-65508DE4A7C3}.Release|x86.ActiveCfg = Release|Any CPU
		{EE228127-BBDA-41D6-96F3-65508DE4A7C3}.Release|x86.Build.0 = Release|Any CPU
		{ED58A2C3-C82B-4466-A7F6-73EF7E449FE2}.Debug|x64.ActiveCfg = Debug|Any CPU
		{ED58A2C3-C82B-4466-A7F6-73EF7E449FE2}.Debug|x64.Build.0 = Debug|Any CPU
		{ED58A2C3-C82B-4466-A7F6-73EF7E449FE2}.Debug|x86.ActiveCfg = Debug|Any CPU
		{ED58A2C3-C82B-4466-A7F6-73EF7E449FE2}.Debug|x86.Build.0 = Debug|Any CPU
		{ED58A2C3-C82B-4466-A7F6-73EF7E449FE2}.Release|x64.ActiveCfg = Release|Any CPU
		{ED58A2C3-C82B-4466-A7F6-73EF7E449FE2}.Release|x64.Build.0 = Release|Any CPU
		{ED58A2C3-C82B-4466-A7F6-73EF7E449FE2}.Release|x86.ActiveCfg = Release|Any CPU
		{ED58A2C3-C82B-4466-A7F6-73EF7E449FE2}.Release|x86.Build.0 = Release|Any CPU
	EndGlobalSection
	GlobalSection(SolutionProperties) = preSolution
		HideSolutionNode = FALSE
	EndGlobalSection
	GlobalSection(ExtensibilityGlobals) = postSolution
		SolutionGuid = {A0387037-02DB-4B36-9B3C-FD7C5F246AB2}
	EndGlobalSection
EndGlobal
