<?xml version="1.0" encoding="utf-8"?>
<Project ToolsVersion="4.0" xmlns="http://schemas.microsoft.com/developer/msbuild/2003">
  <ItemGroup>
    <Filter Include="01 Header Files">
      <UniqueIdentifier>{93995380-89BD-4b04-88EB-625FBE52EBFB}</UniqueIdentifier>
      <Extensions>h;hpp;hxx;hm;inl;inc;xsd</Extensions>
    </Filter>
    <Filter Include="02 Source Files">
      <UniqueIdentifier>{4FC737F1-C7A5-4376-A066-2A32D752A2FF}</UniqueIdentifier>
      <Extensions>cpp;c;cc;cxx;def;odl;idl;hpj;bat;asm;asmx</Extensions>
    </Filter>
    <Filter Include="03 Resource Files">
      <UniqueIdentifier>{67DA6AB6-F800-4c08-8B7A-83BB121AAD01}</UniqueIdentifier>
      <Extensions>rc;ico;cur;bmp;dlg;rc2;rct;bin;rgs;gif;jpg;jpeg;jpe;resx;tiff;tif;png;wav</Extensions>
    </Filter>
    <Filter Include="04 dists">
      <UniqueIdentifier>{836329ee-23d5-4a06-8ab0-9f34c6e769d9}</UniqueIdentifier>
    </Filter>
  </ItemGroup>
  <ItemGroup>
    <ClCompile Include="AssemblyInfo.cpp">
      <Filter>02 Source Files</Filter>
    </ClCompile>
    <ClCompile Include="stdafx.cpp">
      <Filter>02 Source Files</Filter>
    </ClCompile>
    <ClCompile Include="FormMain.cpp">
      <Filter>02 Source Files</Filter>
    </ClCompile>
    <ClCompile Include="retrycopy.cpp">
      <Filter>02 Source Files</Filter>
    </ClCompile>
    <ClCompile Include="FormMainThread.cpp">
      <Filter>02 Source Files</Filter>
    </ClCompile>
    <ClCompile Include="..\..\lsMisc\CommandLineParser.cpp">
      <Filter>02 Source Files</Filter>
    </ClCompile>
    <ClCompile Include="..\..\lsMisc\UrlEncode.cpp">
      <Filter>02 Source Files</Filter>
    </ClCompile>
    <ClCompile Include="..\..\lsMisc\UTF16toUTF8.cpp">
      <Filter>02 Source Files</Filter>
    </ClCompile>
    <ClCompile Include="..\..\lsMisc\DebugMacro.cpp">
      <Filter>02 Source Files</Filter>
    </ClCompile>
    <ClCompile Include="..\..\lsMisc\GetLastErrorString.cpp">
      <Filter>02 Source Files</Filter>
    </ClCompile>
    <ClCompile Include="threadData.cpp">
      <Filter>02 Source Files</Filter>
    </ClCompile>
    <ClCompile Include="FormMainThreadCallback.cpp">
      <Filter>02 Source Files</Filter>
    </ClCompile>
    <ClCompile Include="helper.cpp">
      <Filter>02 Source Files</Filter>
    </ClCompile>
    <ClCompile Include="..\..\lsMisc\WaitCursor.cpp">
      <Filter>02 Source Files</Filter>
    </ClCompile>
    <ClCompile Include="FormLog.cpp">
      <Filter>02 Source Files</Filter>
    </ClCompile>
    <ClCompile Include="..\..\lsMisc\SHMoveFile.cpp">
      <Filter>02 Source Files</Filter>
    </ClCompile>
    <ClCompile Include="FormAbout.cpp">
      <Filter>02 Source Files</Filter>
    </ClCompile>
    <ClCompile Include="RemoveInfo.cpp">
      <Filter>02 Source Files</Filter>
    </ClCompile>
    <ClCompile Include="OverwriteInfo.cpp">
      <Filter>02 Source Files</Filter>
    </ClCompile>
    <ClCompile Include="..\..\lsMisc\BrowseFolder.cpp">
      <Filter>02 Source Files</Filter>
    </ClCompile>
  </ItemGroup>
  <ItemGroup>
    <ClInclude Include="FormMain.h">
      <Filter>01 Header Files</Filter>
    </ClInclude>
    <ClInclude Include="resource.h">
      <Filter>01 Header Files</Filter>
    </ClInclude>
    <ClInclude Include="stdafx.h">
      <Filter>01 Header Files</Filter>
    </ClInclude>
    <ClInclude Include="threadData.h">
      <Filter>01 Header Files</Filter>
    </ClInclude>
    <ClInclude Include="..\..\lsMisc\CommandLineParser.h">
      <Filter>01 Header Files</Filter>
    </ClInclude>
    <ClInclude Include="..\..\lsMisc\UrlEncode.h">
      <Filter>01 Header Files</Filter>
    </ClInclude>
    <ClInclude Include="..\..\lsMisc\UTF16toUTF8.h">
      <Filter>01 Header Files</Filter>
    </ClInclude>
    <ClInclude Include="..\..\lsMisc\DebugMacro.h">
      <Filter>01 Header Files</Filter>
    </ClInclude>
    <ClInclude Include="..\..\lsMisc\GetLastErrorString.h">
      <Filter>01 Header Files</Filter>
    </ClInclude>
    <ClInclude Include="helper.h">
      <Filter>01 Header Files</Filter>
    </ClInclude>
    <ClInclude Include="..\..\lsMisc\WaitCursor.h">
      <Filter>01 Header Files</Filter>
    </ClInclude>
    <ClInclude Include="FormLog.h">
      <Filter>01 Header Files</Filter>
    </ClInclude>
    <ClInclude Include="..\..\lsMisc\SHMoveFile.h">
      <Filter>01 Header Files</Filter>
    </ClInclude>
    <ClInclude Include="FormAbout.h">
      <Filter>01 Header Files</Filter>
    </ClInclude>
    <ClInclude Include="RemoveInfo.h">
      <Filter>01 Header Files</Filter>
    </ClInclude>
    <ClInclude Include="OverwriteInfo.h">
      <Filter>01 Header Files</Filter>
    </ClInclude>
    <ClInclude Include="..\..\lsMisc\BrowseFolder.h">
      <Filter>01 Header Files</Filter>
    </ClInclude>
  </ItemGroup>
  <ItemGroup>
    <Image Include="app.ico">
      <Filter>03 Resource Files</Filter>
    </Image>
  </ItemGroup>
  <ItemGroup>
    <ResourceCompile Include="app.rc">
      <Filter>03 Resource Files</Filter>
    </ResourceCompile>
  </ItemGroup>
  <ItemGroup>
    <Text Include="history.txt">
      <Filter>04 dists</Filter>
    </Text>
  </ItemGroup>
</Project>